// !$*UTF8*$!
{
	archiveVersion = 1;
	classes = {
	};
	objectVersion = 45;
	objects = {

/* Begin PBXAggregateTarget section */
		157432AE117DC0E500FA95B9 /* Mover Core */ = {
			isa = PBXAggregateTarget;
			buildConfigurationList = 157432B9117DC0FE00FA95B9 /* Build configuration list for PBXAggregateTarget "Mover Core" */;
			buildPhases = (
			);
			dependencies = (
				157432B2117DC0F300FA95B9 /* PBXTargetDependency */,
				157432B4117DC0F300FA95B9 /* PBXTargetDependency */,
			);
			name = "Mover Core";
			productName = "Mover Core";
		};
/* End PBXAggregateTarget section */

/* Begin PBXBuildFile section */
		150717C8105FAE4700FA0BF4 /* MvrWiFiChannel.h in Headers */ = {isa = PBXBuildFile; fileRef = 150717C6105FAE4700FA0BF4 /* MvrWiFiChannel.h */; };
		150717C9105FAE4700FA0BF4 /* MvrWiFiChannel.m in Sources */ = {isa = PBXBuildFile; fileRef = 150717C7105FAE4700FA0BF4 /* MvrWiFiChannel.m */; };
		15071861105FC36800FA0BF4 /* MvrGenericIncoming.h in Headers */ = {isa = PBXBuildFile; fileRef = 1507185F105FC36800FA0BF4 /* MvrGenericIncoming.h */; };
		15071862105FC36800FA0BF4 /* MvrGenericIncoming.m in Sources */ = {isa = PBXBuildFile; fileRef = 15071860105FC36800FA0BF4 /* MvrGenericIncoming.m */; };
		150718D2105FD5AA00FA0BF4 /* MvrOutgoing.h in Headers */ = {isa = PBXBuildFile; fileRef = 150718D1105FD5AA00FA0BF4 /* MvrOutgoing.h */; };
		1535D1CF1090336700CBF778 /* MvrPacketBuilder.h in Headers */ = {isa = PBXBuildFile; fileRef = 156CF111105BB355006D8E7A /* MvrPacketBuilder.h */; };
		1535D1D01090336700CBF778 /* MvrPacketParser.h in Headers */ = {isa = PBXBuildFile; fileRef = 156CF113105BB356006D8E7A /* MvrPacketParser.h */; };
		1535D1D11090336700CBF778 /* MvrProtocol.h in Headers */ = {isa = PBXBuildFile; fileRef = 1593E94B105BB73B00220989 /* MvrProtocol.h */; };
		1535D1D21090336700CBF778 /* MvrWiFi.h in Headers */ = {isa = PBXBuildFile; fileRef = 1593E9B5105BBD4300220989 /* MvrWiFi.h */; };
		1535D1D31090336700CBF778 /* MvrModernWiFi.h in Headers */ = {isa = PBXBuildFile; fileRef = 1593E9BA105BBDFB00220989 /* MvrModernWiFi.h */; };
		1535D1D41090336700CBF778 /* MvrWiFiScanner.h in Headers */ = {isa = PBXBuildFile; fileRef = 1593E9BF105BBE4300220989 /* MvrWiFiScanner.h */; };
		1535D1D51090336700CBF778 /* MvrScanner.h in Headers */ = {isa = PBXBuildFile; fileRef = 153AF199105C17B300DD862F /* MvrScanner.h */; };
		1535D1D61090336700CBF778 /* MvrChannel.h in Headers */ = {isa = PBXBuildFile; fileRef = 153AF1A1105C18F800DD862F /* MvrChannel.h */; };
		1535D1D71090336700CBF778 /* MvrIncoming.h in Headers */ = {isa = PBXBuildFile; fileRef = 153AF1A4105C192300DD862F /* MvrIncoming.h */; };
		1535D1D81090336700CBF778 /* AsyncSocket.h in Headers */ = {isa = PBXBuildFile; fileRef = 153AF1A8105C206000DD862F /* AsyncSocket.h */; };
		1535D1D91090336700CBF778 /* MvrModernWiFiChannel.h in Headers */ = {isa = PBXBuildFile; fileRef = 153AF1AE105C217400DD862F /* MvrModernWiFiChannel.h */; };
		1535D1DA1090336700CBF778 /* MvrItemStorage.h in Headers */ = {isa = PBXBuildFile; fileRef = 15865AEB105CDD690041CE5F /* MvrItemStorage.h */; };
		1535D1DB1090336700CBF778 /* MvrItem.h in Headers */ = {isa = PBXBuildFile; fileRef = 157A101E105D3E7A0033B623 /* MvrItem.h */; };
		1535D1DC1090336700CBF778 /* MvrModernWiFiOutgoing.h in Headers */ = {isa = PBXBuildFile; fileRef = 157A1123105D45BE0033B623 /* MvrModernWiFiOutgoing.h */; };
		1535D1DD1090336700CBF778 /* MvrGenericItem.h in Headers */ = {isa = PBXBuildFile; fileRef = 157A11E7105D64530033B623 /* MvrGenericItem.h */; };
		1535D1DE1090336700CBF778 /* MvrUTISupport.h in Headers */ = {isa = PBXBuildFile; fileRef = 157A11EE105D64B50033B623 /* MvrUTISupport.h */; };
		1535D1DF1090336700CBF778 /* MvrModernWiFiIncoming.h in Headers */ = {isa = PBXBuildFile; fileRef = 157FA472105E14EB00BD01FC /* MvrModernWiFiIncoming.h */; };
		1535D1F81090336700CBF778 /* MvrPlatformInfo.h in Headers */ = {isa = PBXBuildFile; fileRef = 15833F0F105F6F890015388E /* MvrPlatformInfo.h */; };
		1535D1F91090336700CBF778 /* MvrWiFiChannel.h in Headers */ = {isa = PBXBuildFile; fileRef = 150717C6105FAE4700FA0BF4 /* MvrWiFiChannel.h */; };
		1535D1FB1090336700CBF778 /* MvrGenericIncoming.h in Headers */ = {isa = PBXBuildFile; fileRef = 1507185F105FC36800FA0BF4 /* MvrGenericIncoming.h */; };
		1535D1FE1090336700CBF778 /* MvrOutgoing.h in Headers */ = {isa = PBXBuildFile; fileRef = 150718D1105FD5AA00FA0BF4 /* MvrOutgoing.h */; };
		1535D1FF1090336700CBF778 /* MvrStorageCentral.h in Headers */ = {isa = PBXBuildFile; fileRef = 159AF90D1060FE3B0070141A /* MvrStorageCentral.h */; };
		1535D2001090336700CBF778 /* MvrMetadataStorage.h in Headers */ = {isa = PBXBuildFile; fileRef = 159AF91E1060FF4F0070141A /* MvrMetadataStorage.h */; };
		1535D2011090336700CBF778 /* MvrScannerObserver.h in Headers */ = {isa = PBXBuildFile; fileRef = 159AF98D10610AB70070141A /* MvrScannerObserver.h */; };
		1535D2021090336700CBF778 /* MvrBuffer.h in Headers */ = {isa = PBXBuildFile; fileRef = 1537A7D8107A598300B16B88 /* MvrBuffer.h */; };
		1535D2031090336700CBF778 /* MvrStreamedIncoming.h in Headers */ = {isa = PBXBuildFile; fileRef = 155E8F8F107B24AA00F8B33B /* MvrStreamedIncoming.h */; };
		1535D2051090336700CBF778 /* MvrPacketBuilder.m in Sources */ = {isa = PBXBuildFile; fileRef = 156CF112105BB356006D8E7A /* MvrPacketBuilder.m */; };
		1535D2061090336700CBF778 /* MvrPacketParser.m in Sources */ = {isa = PBXBuildFile; fileRef = 156CF114105BB356006D8E7A /* MvrPacketParser.m */; };
		1535D2071090336700CBF778 /* MvrWiFi.m in Sources */ = {isa = PBXBuildFile; fileRef = 1593E9B6105BBD4300220989 /* MvrWiFi.m */; };
		1535D2081090336700CBF778 /* MvrModernWiFi.m in Sources */ = {isa = PBXBuildFile; fileRef = 1593E9BB105BBDFB00220989 /* MvrModernWiFi.m */; };
		1535D2091090336700CBF778 /* MvrWiFiScanner.m in Sources */ = {isa = PBXBuildFile; fileRef = 1593E9C0105BBE4300220989 /* MvrWiFiScanner.m */; };
		1535D20A1090336700CBF778 /* AsyncSocket.m in Sources */ = {isa = PBXBuildFile; fileRef = 153AF1A9105C206000DD862F /* AsyncSocket.m */; };
		1535D20B1090336700CBF778 /* MvrModernWiFiChannel.m in Sources */ = {isa = PBXBuildFile; fileRef = 153AF1AF105C217400DD862F /* MvrModernWiFiChannel.m */; };
		1535D20C1090336700CBF778 /* MvrItemStorage.m in Sources */ = {isa = PBXBuildFile; fileRef = 15865AEC105CDD690041CE5F /* MvrItemStorage.m */; };
		1535D20D1090336700CBF778 /* MvrItem.m in Sources */ = {isa = PBXBuildFile; fileRef = 157A101F105D3E7A0033B623 /* MvrItem.m */; };
		1535D20E1090336700CBF778 /* MvrModernWiFiOutgoing.m in Sources */ = {isa = PBXBuildFile; fileRef = 157A1124105D45BE0033B623 /* MvrModernWiFiOutgoing.m */; };
		1535D20F1090336700CBF778 /* MvrGenericItem.m in Sources */ = {isa = PBXBuildFile; fileRef = 157A11E8105D64530033B623 /* MvrGenericItem.m */; };
		1535D2101090336700CBF778 /* MvrModernWiFiIncoming.m in Sources */ = {isa = PBXBuildFile; fileRef = 157FA474105E14FD00BD01FC /* MvrModernWiFiIncoming.m */; };
		1535D2261090336700CBF778 /* MvrPlatformInfo.m in Sources */ = {isa = PBXBuildFile; fileRef = 15833F12105F739E0015388E /* MvrPlatformInfo.m */; };
		1535D2271090336700CBF778 /* MvrWiFiChannel.m in Sources */ = {isa = PBXBuildFile; fileRef = 150717C7105FAE4700FA0BF4 /* MvrWiFiChannel.m */; };
		1535D2291090336700CBF778 /* MvrGenericIncoming.m in Sources */ = {isa = PBXBuildFile; fileRef = 15071860105FC36800FA0BF4 /* MvrGenericIncoming.m */; };
		1535D22C1090336700CBF778 /* MvrStorageCentral.m in Sources */ = {isa = PBXBuildFile; fileRef = 159AF90E1060FE3B0070141A /* MvrStorageCentral.m */; };
		1535D22D1090336700CBF778 /* MvrScannerObserver.m in Sources */ = {isa = PBXBuildFile; fileRef = 159AF98E10610AB70070141A /* MvrScannerObserver.m */; };
		1535D22E1090336700CBF778 /* MvrBuffer.m in Sources */ = {isa = PBXBuildFile; fileRef = 1537A7D9107A598300B16B88 /* MvrBuffer.m */; };
		1535D22F1090336700CBF778 /* MvrStreamedIncoming.m in Sources */ = {isa = PBXBuildFile; fileRef = 155E8F91107B24AA00F8B33B /* MvrStreamedIncoming.m */; };
		1535D2311090336700CBF778 /* Foundation.framework in Frameworks */ = {isa = PBXBuildFile; fileRef = 153AF1DE105C2AD800DD862F /* Foundation.framework */; };
		1535D2321090336700CBF778 /* SystemConfiguration.framework in Frameworks */ = {isa = PBXBuildFile; fileRef = 153AF1DC105C2ACC00DD862F /* SystemConfiguration.framework */; };
		1537A7DA107A598300B16B88 /* MvrBuffer.h in Headers */ = {isa = PBXBuildFile; fileRef = 1537A7D8107A598300B16B88 /* MvrBuffer.h */; };
		1537A7DB107A598300B16B88 /* MvrBuffer.m in Sources */ = {isa = PBXBuildFile; fileRef = 1537A7D9107A598300B16B88 /* MvrBuffer.m */; };
		153AF19A105C17B300DD862F /* MvrScanner.h in Headers */ = {isa = PBXBuildFile; fileRef = 153AF199105C17B300DD862F /* MvrScanner.h */; };
		153AF1A2105C18F800DD862F /* MvrChannel.h in Headers */ = {isa = PBXBuildFile; fileRef = 153AF1A1105C18F800DD862F /* MvrChannel.h */; };
		153AF1A5105C192300DD862F /* MvrIncoming.h in Headers */ = {isa = PBXBuildFile; fileRef = 153AF1A4105C192300DD862F /* MvrIncoming.h */; };
		153AF1AA105C206000DD862F /* AsyncSocket.h in Headers */ = {isa = PBXBuildFile; fileRef = 153AF1A8105C206000DD862F /* AsyncSocket.h */; };
		153AF1AB105C206000DD862F /* AsyncSocket.m in Sources */ = {isa = PBXBuildFile; fileRef = 153AF1A9105C206000DD862F /* AsyncSocket.m */; };
		153AF1B0105C217400DD862F /* MvrModernWiFiChannel.h in Headers */ = {isa = PBXBuildFile; fileRef = 153AF1AE105C217400DD862F /* MvrModernWiFiChannel.h */; };
		153AF1B1105C217400DD862F /* MvrModernWiFiChannel.m in Sources */ = {isa = PBXBuildFile; fileRef = 153AF1AF105C217400DD862F /* MvrModernWiFiChannel.m */; };
		153AF1E0105C2ADF00DD862F /* Foundation.framework in Frameworks */ = {isa = PBXBuildFile; fileRef = 153AF1DE105C2AD800DD862F /* Foundation.framework */; };
		153AF1E3105C2AE500DD862F /* SystemConfiguration.framework in Frameworks */ = {isa = PBXBuildFile; fileRef = 153AF1DC105C2ACC00DD862F /* SystemConfiguration.framework */; };
		155E8F90107B24AA00F8B33B /* MvrStreamedIncoming.h in Headers */ = {isa = PBXBuildFile; fileRef = 155E8F8F107B24AA00F8B33B /* MvrStreamedIncoming.h */; };
		155E8F92107B24AA00F8B33B /* MvrStreamedIncoming.m in Sources */ = {isa = PBXBuildFile; fileRef = 155E8F91107B24AA00F8B33B /* MvrStreamedIncoming.m */; };
		156CF115105BB356006D8E7A /* MvrPacketBuilder.h in Headers */ = {isa = PBXBuildFile; fileRef = 156CF111105BB355006D8E7A /* MvrPacketBuilder.h */; };
		156CF116105BB356006D8E7A /* MvrPacketBuilder.m in Sources */ = {isa = PBXBuildFile; fileRef = 156CF112105BB356006D8E7A /* MvrPacketBuilder.m */; };
		156CF117105BB356006D8E7A /* MvrPacketParser.h in Headers */ = {isa = PBXBuildFile; fileRef = 156CF113105BB356006D8E7A /* MvrPacketParser.h */; };
		156CF118105BB356006D8E7A /* MvrPacketParser.m in Sources */ = {isa = PBXBuildFile; fileRef = 156CF114105BB356006D8E7A /* MvrPacketParser.m */; };
		157432C3117DC24C00FA95B9 /* MobileCoreServices.framework in Frameworks */ = {isa = PBXBuildFile; fileRef = 157432C2117DC24C00FA95B9 /* MobileCoreServices.framework */; };
		157A1020105D3E7A0033B623 /* MvrItem.h in Headers */ = {isa = PBXBuildFile; fileRef = 157A101E105D3E7A0033B623 /* MvrItem.h */; };
		157A1021105D3E7A0033B623 /* MvrItem.m in Sources */ = {isa = PBXBuildFile; fileRef = 157A101F105D3E7A0033B623 /* MvrItem.m */; };
		157A1125105D45BE0033B623 /* MvrModernWiFiOutgoing.h in Headers */ = {isa = PBXBuildFile; fileRef = 157A1123105D45BE0033B623 /* MvrModernWiFiOutgoing.h */; };
		157A1126105D45BE0033B623 /* MvrModernWiFiOutgoing.m in Sources */ = {isa = PBXBuildFile; fileRef = 157A1124105D45BE0033B623 /* MvrModernWiFiOutgoing.m */; };
		157A11E9105D64530033B623 /* MvrGenericItem.h in Headers */ = {isa = PBXBuildFile; fileRef = 157A11E7105D64530033B623 /* MvrGenericItem.h */; };
		157A11EA105D64530033B623 /* MvrGenericItem.m in Sources */ = {isa = PBXBuildFile; fileRef = 157A11E8105D64530033B623 /* MvrGenericItem.m */; };
		157A11EF105D64B50033B623 /* MvrUTISupport.h in Headers */ = {isa = PBXBuildFile; fileRef = 157A11EE105D64B50033B623 /* MvrUTISupport.h */; };
		157FA473105E14EB00BD01FC /* MvrModernWiFiIncoming.h in Headers */ = {isa = PBXBuildFile; fileRef = 157FA472105E14EB00BD01FC /* MvrModernWiFiIncoming.h */; };
		157FA475105E14FD00BD01FC /* MvrModernWiFiIncoming.m in Sources */ = {isa = PBXBuildFile; fileRef = 157FA474105E14FD00BD01FC /* MvrModernWiFiIncoming.m */; };
		15833F10105F6F890015388E /* MvrPlatformInfo.h in Headers */ = {isa = PBXBuildFile; fileRef = 15833F0F105F6F890015388E /* MvrPlatformInfo.h */; };
		15833F13105F739E0015388E /* MvrPlatformInfo.m in Sources */ = {isa = PBXBuildFile; fileRef = 15833F12105F739E0015388E /* MvrPlatformInfo.m */; };
		15865AEF105CDD690041CE5F /* MvrItemStorage.h in Headers */ = {isa = PBXBuildFile; fileRef = 15865AEB105CDD690041CE5F /* MvrItemStorage.h */; };
		15865AF0105CDD690041CE5F /* MvrItemStorage.m in Sources */ = {isa = PBXBuildFile; fileRef = 15865AEC105CDD690041CE5F /* MvrItemStorage.m */; };
		1593E94C105BB73B00220989 /* MvrProtocol.h in Headers */ = {isa = PBXBuildFile; fileRef = 1593E94B105BB73B00220989 /* MvrProtocol.h */; };
		1593E9B8105BBD4900220989 /* MvrWiFi.h in Headers */ = {isa = PBXBuildFile; fileRef = 1593E9B5105BBD4300220989 /* MvrWiFi.h */; };
		1593E9B9105BBD4900220989 /* MvrWiFi.m in Sources */ = {isa = PBXBuildFile; fileRef = 1593E9B6105BBD4300220989 /* MvrWiFi.m */; };
		1593E9BD105BBE2700220989 /* MvrModernWiFi.h in Headers */ = {isa = PBXBuildFile; fileRef = 1593E9BA105BBDFB00220989 /* MvrModernWiFi.h */; };
		1593E9BE105BBE2A00220989 /* MvrModernWiFi.m in Sources */ = {isa = PBXBuildFile; fileRef = 1593E9BB105BBDFB00220989 /* MvrModernWiFi.m */; };
		1593E9C1105BBE4300220989 /* MvrWiFiScanner.h in Headers */ = {isa = PBXBuildFile; fileRef = 1593E9BF105BBE4300220989 /* MvrWiFiScanner.h */; };
		1593E9C2105BBE4300220989 /* MvrWiFiScanner.m in Sources */ = {isa = PBXBuildFile; fileRef = 1593E9C0105BBE4300220989 /* MvrWiFiScanner.m */; };
		159AF9111060FE3B0070141A /* MvrStorageCentral.h in Headers */ = {isa = PBXBuildFile; fileRef = 159AF90D1060FE3B0070141A /* MvrStorageCentral.h */; };
		159AF9121060FE3B0070141A /* MvrStorageCentral.m in Sources */ = {isa = PBXBuildFile; fileRef = 159AF90E1060FE3B0070141A /* MvrStorageCentral.m */; };
		159AF91F1060FF4F0070141A /* MvrMetadataStorage.h in Headers */ = {isa = PBXBuildFile; fileRef = 159AF91E1060FF4F0070141A /* MvrMetadataStorage.h */; };
		159AF99110610AB70070141A /* MvrScannerObserver.h in Headers */ = {isa = PBXBuildFile; fileRef = 159AF98D10610AB70070141A /* MvrScannerObserver.h */; };
		159AF99210610AB70070141A /* MvrScannerObserver.m in Sources */ = {isa = PBXBuildFile; fileRef = 159AF98E10610AB70070141A /* MvrScannerObserver.m */; };
/* End PBXBuildFile section */

/* Begin PBXContainerItemProxy section */
		1535D1CD1090336700CBF778 /* PBXContainerItemProxy */ = {
			isa = PBXContainerItemProxy;
			containerPortal = 15F603EA105BDE1100F73794 /* MuiKit.xcodeproj */;
			proxyType = 1;
			remoteGlobalIDString = 156FD7720F7A261B00F83283;
			remoteInfo = MuiKit;
		};
		153B416E105BEFCA00DB8FB2 /* PBXContainerItemProxy */ = {
			isa = PBXContainerItemProxy;
			containerPortal = 15F603EA105BDE1100F73794 /* MuiKit.xcodeproj */;
			proxyType = 2;
			remoteGlobalIDString = 153B416C105BEFCA00DB8FB2;
			remoteInfo = "MuiKit (Library) copy";
		};
		157432B1117DC0F300FA95B9 /* PBXContainerItemProxy */ = {
			isa = PBXContainerItemProxy;
			containerPortal = 0867D690FE84028FC02AAC07 /* Project object */;
			proxyType = 1;
			remoteGlobalIDString = 1535D1CB1090336700CBF778 /* Network (Mac OS X) */;
			remoteInfo = "Network (Mac OS X)";
		};
		157432B3117DC0F300FA95B9 /* PBXContainerItemProxy */ = {
			isa = PBXContainerItemProxy;
			containerPortal = 0867D690FE84028FC02AAC07 /* Project object */;
			proxyType = 1;
			remoteGlobalIDString = D2AAC07D0554694100DB518D /* Network (iPhone) */;
			remoteInfo = "Network (iPhone)";
		};
		15F603FF105BDE2800F73794 /* PBXContainerItemProxy */ = {
			isa = PBXContainerItemProxy;
			containerPortal = 15F603EA105BDE1100F73794 /* MuiKit.xcodeproj */;
			proxyType = 2;
			remoteGlobalIDString = 154B01F00F78156D0082109B;
			remoteInfo = "MuiKit (Library)";
		};
		15F60401105BDE2800F73794 /* PBXContainerItemProxy */ = {
			isa = PBXContainerItemProxy;
			containerPortal = 15F603EA105BDE1100F73794 /* MuiKit.xcodeproj */;
			proxyType = 2;
			remoteGlobalIDString = 156FD76B0F7A25F900F83283;
			remoteInfo = "MuiKit (Resources)";
		};
		15F60403105BDE2800F73794 /* PBXContainerItemProxy */ = {
			isa = PBXContainerItemProxy;
			containerPortal = 15F603EA105BDE1100F73794 /* MuiKit.xcodeproj */;
			proxyType = 2;
			remoteGlobalIDString = 154635591011BD77000238EE;
			remoteInfo = "MuiKit+Test";
		};
		15F6040B105BDE3900F73794 /* PBXContainerItemProxy */ = {
			isa = PBXContainerItemProxy;
			containerPortal = 15F603EA105BDE1100F73794 /* MuiKit.xcodeproj */;
			proxyType = 1;
			remoteGlobalIDString = 156FD7720F7A261B00F83283;
			remoteInfo = MuiKit;
		};
/* End PBXContainerItemProxy section */

/* Begin PBXFileReference section */
		150717C6105FAE4700FA0BF4 /* MvrWiFiChannel.h */ = {isa = PBXFileReference; fileEncoding = 4; lastKnownFileType = sourcecode.c.h; path = MvrWiFiChannel.h; sourceTree = "<group>"; };
		150717C7105FAE4700FA0BF4 /* MvrWiFiChannel.m */ = {isa = PBXFileReference; fileEncoding = 4; lastKnownFileType = sourcecode.c.objc; path = MvrWiFiChannel.m; sourceTree = "<group>"; };
		1507185F105FC36800FA0BF4 /* MvrGenericIncoming.h */ = {isa = PBXFileReference; fileEncoding = 4; lastKnownFileType = sourcecode.c.h; path = MvrGenericIncoming.h; sourceTree = "<group>"; };
		15071860105FC36800FA0BF4 /* MvrGenericIncoming.m */ = {isa = PBXFileReference; fileEncoding = 4; lastKnownFileType = sourcecode.c.objc; path = MvrGenericIncoming.m; sourceTree = "<group>"; };
		150718D1105FD5AA00FA0BF4 /* MvrOutgoing.h */ = {isa = PBXFileReference; fileEncoding = 4; lastKnownFileType = sourcecode.c.h; path = MvrOutgoing.h; sourceTree = "<group>"; };
		1535D19F1090328C00CBF778 /* Mover-Network-Mac-Debug.xcconfig */ = {isa = PBXFileReference; fileEncoding = 4; lastKnownFileType = text.xcconfig; path = "Mover-Network-Mac-Debug.xcconfig"; sourceTree = "<group>"; };
		1535D2361090336700CBF778 /* libMoverCore-MacOSX.a */ = {isa = PBXFileReference; explicitFileType = archive.ar; includeInIndex = 0; path = "libMoverCore-MacOSX.a"; sourceTree = BUILT_PRODUCTS_DIR; };
		1537A7D8107A598300B16B88 /* MvrBuffer.h */ = {isa = PBXFileReference; fileEncoding = 4; lastKnownFileType = sourcecode.c.h; path = MvrBuffer.h; sourceTree = "<group>"; };
		1537A7D9107A598300B16B88 /* MvrBuffer.m */ = {isa = PBXFileReference; fileEncoding = 4; lastKnownFileType = sourcecode.c.objc; path = MvrBuffer.m; sourceTree = "<group>"; };
		153AF199105C17B300DD862F /* MvrScanner.h */ = {isa = PBXFileReference; fileEncoding = 4; lastKnownFileType = sourcecode.c.h; path = MvrScanner.h; sourceTree = "<group>"; };
		153AF1A1105C18F800DD862F /* MvrChannel.h */ = {isa = PBXFileReference; fileEncoding = 4; lastKnownFileType = sourcecode.c.h; path = MvrChannel.h; sourceTree = "<group>"; };
		153AF1A4105C192300DD862F /* MvrIncoming.h */ = {isa = PBXFileReference; fileEncoding = 4; lastKnownFileType = sourcecode.c.h; path = MvrIncoming.h; sourceTree = "<group>"; };
		153AF1A8105C206000DD862F /* AsyncSocket.h */ = {isa = PBXFileReference; fileEncoding = 4; lastKnownFileType = sourcecode.c.h; path = AsyncSocket.h; sourceTree = "<group>"; };
		153AF1A9105C206000DD862F /* AsyncSocket.m */ = {isa = PBXFileReference; fileEncoding = 4; lastKnownFileType = sourcecode.c.objc; path = AsyncSocket.m; sourceTree = "<group>"; };
		153AF1AE105C217400DD862F /* MvrModernWiFiChannel.h */ = {isa = PBXFileReference; fileEncoding = 4; lastKnownFileType = sourcecode.c.h; path = MvrModernWiFiChannel.h; sourceTree = "<group>"; };
		153AF1AF105C217400DD862F /* MvrModernWiFiChannel.m */ = {isa = PBXFileReference; fileEncoding = 4; lastKnownFileType = sourcecode.c.objc; path = MvrModernWiFiChannel.m; sourceTree = "<group>"; };
		153AF1DC105C2ACC00DD862F /* SystemConfiguration.framework */ = {isa = PBXFileReference; lastKnownFileType = wrapper.framework; name = SystemConfiguration.framework; path = System/Library/Frameworks/SystemConfiguration.framework; sourceTree = SDKROOT; };
		153AF1DE105C2AD800DD862F /* Foundation.framework */ = {isa = PBXFileReference; lastKnownFileType = wrapper.framework; name = Foundation.framework; path = System/Library/Frameworks/Foundation.framework; sourceTree = SDKROOT; };
		155E8F8F107B24AA00F8B33B /* MvrStreamedIncoming.h */ = {isa = PBXFileReference; fileEncoding = 4; lastKnownFileType = sourcecode.c.h; path = MvrStreamedIncoming.h; sourceTree = "<group>"; };
		155E8F91107B24AA00F8B33B /* MvrStreamedIncoming.m */ = {isa = PBXFileReference; fileEncoding = 4; lastKnownFileType = sourcecode.c.objc; path = MvrStreamedIncoming.m; sourceTree = "<group>"; };
		156B0A1110902E5D00209F2D /* Mover-Network-iPhone.xcconfig */ = {isa = PBXFileReference; fileEncoding = 4; lastKnownFileType = text.xcconfig; path = "Mover-Network-iPhone.xcconfig"; sourceTree = "<group>"; };
		156B0A1710902EDA00209F2D /* Mover-Network-Mac.xcconfig */ = {isa = PBXFileReference; fileEncoding = 4; lastKnownFileType = text.xcconfig; path = "Mover-Network-Mac.xcconfig"; sourceTree = "<group>"; };
		156B0A1A10902F5F00209F2D /* Mover-Network-Mac-Release.xcconfig */ = {isa = PBXFileReference; fileEncoding = 4; lastKnownFileType = text.xcconfig; path = "Mover-Network-Mac-Release.xcconfig"; sourceTree = "<group>"; };
		156CF111105BB355006D8E7A /* MvrPacketBuilder.h */ = {isa = PBXFileReference; fileEncoding = 4; lastKnownFileType = sourcecode.c.h; path = MvrPacketBuilder.h; sourceTree = "<group>"; };
		156CF112105BB356006D8E7A /* MvrPacketBuilder.m */ = {isa = PBXFileReference; fileEncoding = 4; lastKnownFileType = sourcecode.c.objc; path = MvrPacketBuilder.m; sourceTree = "<group>"; };
		156CF113105BB356006D8E7A /* MvrPacketParser.h */ = {isa = PBXFileReference; fileEncoding = 4; lastKnownFileType = sourcecode.c.h; path = MvrPacketParser.h; sourceTree = "<group>"; };
		156CF114105BB356006D8E7A /* MvrPacketParser.m */ = {isa = PBXFileReference; fileEncoding = 4; lastKnownFileType = sourcecode.c.objc; path = MvrPacketParser.m; sourceTree = "<group>"; };
		156CF11B105BB36F006D8E7A /* Mover-Network.xcconfig */ = {isa = PBXFileReference; fileEncoding = 4; lastKnownFileType = text.xcconfig; path = "Mover-Network.xcconfig"; sourceTree = "<group>"; };
		156CF142105BB61D006D8E7A /* Mover-Network-Debug.xcconfig */ = {isa = PBXFileReference; fileEncoding = 4; lastKnownFileType = text.xcconfig; path = "Mover-Network-Debug.xcconfig"; sourceTree = "<group>"; };
		156CF144105BB64D006D8E7A /* Mover-Network-Release.xcconfig */ = {isa = PBXFileReference; fileEncoding = 4; lastKnownFileType = text.xcconfig; path = "Mover-Network-Release.xcconfig"; sourceTree = "<group>"; };
		157432C2117DC24C00FA95B9 /* MobileCoreServices.framework */ = {isa = PBXFileReference; lastKnownFileType = wrapper.framework; name = MobileCoreServices.framework; path = System/Library/Frameworks/MobileCoreServices.framework; sourceTree = SDKROOT; };
		157A101E105D3E7A0033B623 /* MvrItem.h */ = {isa = PBXFileReference; fileEncoding = 4; lastKnownFileType = sourcecode.c.h; path = MvrItem.h; sourceTree = "<group>"; };
		157A101F105D3E7A0033B623 /* MvrItem.m */ = {isa = PBXFileReference; fileEncoding = 4; lastKnownFileType = sourcecode.c.objc; path = MvrItem.m; sourceTree = "<group>"; };
		157A1123105D45BE0033B623 /* MvrModernWiFiOutgoing.h */ = {isa = PBXFileReference; fileEncoding = 4; lastKnownFileType = sourcecode.c.h; path = MvrModernWiFiOutgoing.h; sourceTree = "<group>"; };
		157A1124105D45BE0033B623 /* MvrModernWiFiOutgoing.m */ = {isa = PBXFileReference; fileEncoding = 4; lastKnownFileType = sourcecode.c.objc; path = MvrModernWiFiOutgoing.m; sourceTree = "<group>"; };
		157A11E7105D64530033B623 /* MvrGenericItem.h */ = {isa = PBXFileReference; fileEncoding = 4; lastKnownFileType = sourcecode.c.h; path = MvrGenericItem.h; sourceTree = "<group>"; };
		157A11E8105D64530033B623 /* MvrGenericItem.m */ = {isa = PBXFileReference; fileEncoding = 4; lastKnownFileType = sourcecode.c.objc; path = MvrGenericItem.m; sourceTree = "<group>"; };
		157A11EE105D64B50033B623 /* MvrUTISupport.h */ = {isa = PBXFileReference; fileEncoding = 4; lastKnownFileType = sourcecode.c.h; path = MvrUTISupport.h; sourceTree = "<group>"; };
		157FA472105E14EB00BD01FC /* MvrModernWiFiIncoming.h */ = {isa = PBXFileReference; fileEncoding = 4; lastKnownFileType = sourcecode.c.h; path = MvrModernWiFiIncoming.h; sourceTree = "<group>"; };
		157FA474105E14FD00BD01FC /* MvrModernWiFiIncoming.m */ = {isa = PBXFileReference; fileEncoding = 4; lastKnownFileType = sourcecode.c.objc; path = MvrModernWiFiIncoming.m; sourceTree = "<group>"; };
		15833F0F105F6F890015388E /* MvrPlatformInfo.h */ = {isa = PBXFileReference; fileEncoding = 4; lastKnownFileType = sourcecode.c.h; path = MvrPlatformInfo.h; sourceTree = "<group>"; };
		15833F12105F739E0015388E /* MvrPlatformInfo.m */ = {isa = PBXFileReference; fileEncoding = 4; lastKnownFileType = sourcecode.c.objc; path = MvrPlatformInfo.m; sourceTree = "<group>"; };
		15865AEB105CDD690041CE5F /* MvrItemStorage.h */ = {isa = PBXFileReference; fileEncoding = 4; lastKnownFileType = sourcecode.c.h; path = MvrItemStorage.h; sourceTree = "<group>"; };
		15865AEC105CDD690041CE5F /* MvrItemStorage.m */ = {isa = PBXFileReference; fileEncoding = 4; lastKnownFileType = sourcecode.c.objc; path = MvrItemStorage.m; sourceTree = "<group>"; };
		1593E94B105BB73B00220989 /* MvrProtocol.h */ = {isa = PBXFileReference; fileEncoding = 4; lastKnownFileType = sourcecode.c.h; path = MvrProtocol.h; sourceTree = "<group>"; };
		1593E965105BB9FB00220989 /* Network+Test-Info.plist */ = {isa = PBXFileReference; lastKnownFileType = text.plist.xml; path = "Network+Test-Info.plist"; sourceTree = "<group>"; };
		1593E970105BBA3E00220989 /* MvrPacketBuilderTests.m */ = {isa = PBXFileReference; fileEncoding = 4; lastKnownFileType = sourcecode.c.objc; path = MvrPacketBuilderTests.m; sourceTree = "<group>"; };
		1593E971105BBA3E00220989 /* MvrPacketParserTests.m */ = {isa = PBXFileReference; fileEncoding = 4; lastKnownFileType = sourcecode.c.objc; path = MvrPacketParserTests.m; sourceTree = "<group>"; };
		1593E97C105BBAB500220989 /* MvrPacketTestsCommon.h */ = {isa = PBXFileReference; fileEncoding = 4; lastKnownFileType = sourcecode.c.h; path = MvrPacketTestsCommon.h; sourceTree = "<group>"; };
		1593E97D105BBAC500220989 /* WOW-longer.data */ = {isa = PBXFileReference; fileEncoding = 4; lastKnownFileType = text; path = "WOW-longer.data"; sourceTree = "<group>"; };
		1593E97E105BBAC500220989 /* WOW-tooshort.data */ = {isa = PBXFileReference; fileEncoding = 4; lastKnownFileType = text; path = "WOW-tooshort.data"; sourceTree = "<group>"; };
		1593E97F105BBAC500220989 /* WOW.data */ = {isa = PBXFileReference; fileEncoding = 4; lastKnownFileType = text; path = WOW.data; sourceTree = "<group>"; };
		1593E983105BBACD00220989 /* OK-longer.data */ = {isa = PBXFileReference; fileEncoding = 4; lastKnownFileType = text; path = "OK-longer.data"; sourceTree = "<group>"; };
		1593E984105BBACD00220989 /* OK.data */ = {isa = PBXFileReference; fileEncoding = 4; lastKnownFileType = text; path = OK.data; sourceTree = "<group>"; };
		1593E9B5105BBD4300220989 /* MvrWiFi.h */ = {isa = PBXFileReference; fileEncoding = 4; lastKnownFileType = sourcecode.c.h; path = MvrWiFi.h; sourceTree = "<group>"; };
		1593E9B6105BBD4300220989 /* MvrWiFi.m */ = {isa = PBXFileReference; fileEncoding = 4; lastKnownFileType = sourcecode.c.objc; path = MvrWiFi.m; sourceTree = "<group>"; };
		1593E9BA105BBDFB00220989 /* MvrModernWiFi.h */ = {isa = PBXFileReference; fileEncoding = 4; lastKnownFileType = sourcecode.c.h; path = MvrModernWiFi.h; sourceTree = "<group>"; };
		1593E9BB105BBDFB00220989 /* MvrModernWiFi.m */ = {isa = PBXFileReference; fileEncoding = 4; lastKnownFileType = sourcecode.c.objc; path = MvrModernWiFi.m; sourceTree = "<group>"; };
		1593E9BF105BBE4300220989 /* MvrWiFiScanner.h */ = {isa = PBXFileReference; fileEncoding = 4; lastKnownFileType = sourcecode.c.h; path = MvrWiFiScanner.h; sourceTree = "<group>"; };
		1593E9C0105BBE4300220989 /* MvrWiFiScanner.m */ = {isa = PBXFileReference; fileEncoding = 4; lastKnownFileType = sourcecode.c.objc; path = MvrWiFiScanner.m; sourceTree = "<group>"; };
		159AF90D1060FE3B0070141A /* MvrStorageCentral.h */ = {isa = PBXFileReference; fileEncoding = 4; lastKnownFileType = sourcecode.c.h; path = MvrStorageCentral.h; sourceTree = "<group>"; };
		159AF90E1060FE3B0070141A /* MvrStorageCentral.m */ = {isa = PBXFileReference; fileEncoding = 4; lastKnownFileType = sourcecode.c.objc; path = MvrStorageCentral.m; sourceTree = "<group>"; };
		159AF91E1060FF4F0070141A /* MvrMetadataStorage.h */ = {isa = PBXFileReference; fileEncoding = 4; lastKnownFileType = sourcecode.c.h; path = MvrMetadataStorage.h; sourceTree = "<group>"; };
		159AF98D10610AB70070141A /* MvrScannerObserver.h */ = {isa = PBXFileReference; fileEncoding = 4; lastKnownFileType = sourcecode.c.h; path = MvrScannerObserver.h; sourceTree = "<group>"; };
		159AF98E10610AB70070141A /* MvrScannerObserver.m */ = {isa = PBXFileReference; fileEncoding = 4; lastKnownFileType = sourcecode.c.objc; path = MvrScannerObserver.m; sourceTree = "<group>"; };
		15F096B3105E56C00016E2B6 /* libz.1.1.3.dylib */ = {isa = PBXFileReference; lastKnownFileType = "compiled.mach-o.dylib"; name = libz.1.1.3.dylib; path = usr/lib/libz.1.1.3.dylib; sourceTree = SDKROOT; };
		15F603EA105BDE1100F73794 /* MuiKit.xcodeproj */ = {isa = PBXFileReference; lastKnownFileType = "wrapper.pb-project"; path = MuiKit.xcodeproj; sourceTree = INFINITELABS_LIB_MUIKIT; };
		D2AAC07E0554694100DB518D /* libMoverCore-iPhoneOS.a */ = {isa = PBXFileReference; explicitFileType = archive.ar; includeInIndex = 0; path = "libMoverCore-iPhoneOS.a"; sourceTree = BUILT_PRODUCTS_DIR; };
/* End PBXFileReference section */

/* Begin PBXFrameworksBuildPhase section */
		1535D2301090336700CBF778 /* Frameworks */ = {
			isa = PBXFrameworksBuildPhase;
			buildActionMask = 2147483647;
			files = (
				1535D2311090336700CBF778 /* Foundation.framework in Frameworks */,
				1535D2321090336700CBF778 /* SystemConfiguration.framework in Frameworks */,
			);
			runOnlyForDeploymentPostprocessing = 0;
		};
		D2AAC07C0554694100DB518D /* Frameworks */ = {
			isa = PBXFrameworksBuildPhase;
			buildActionMask = 2147483647;
			files = (
				153AF1E0105C2ADF00DD862F /* Foundation.framework in Frameworks */,
				153AF1E3105C2AE500DD862F /* SystemConfiguration.framework in Frameworks */,
				157432C3117DC24C00FA95B9 /* MobileCoreServices.framework in Frameworks */,
			);
			runOnlyForDeploymentPostprocessing = 0;
		};
/* End PBXFrameworksBuildPhase section */

/* Begin PBXGroup section */
		034768DFFF38A50411DB9C8B /* Products */ = {
			isa = PBXGroup;
			children = (
				D2AAC07E0554694100DB518D /* libMoverCore-iPhoneOS.a */,
				1535D2361090336700CBF778 /* libMoverCore-MacOSX.a */,
			);
			name = Products;
			sourceTree = "<group>";
		};
		0867D691FE84028FC02AAC07 /* Network */ = {
			isa = PBXGroup;
			children = (
				15F603EA105BDE1100F73794 /* MuiKit.xcodeproj */,
				156CF11A105BB35D006D8E7A /* Configuration files */,
				1557278C105BAD8400D9398F /* Sources */,
				034768DFFF38A50411DB9C8B /* Products */,
				1593E965105BB9FB00220989 /* Network+Test-Info.plist */,
				153AF1DC105C2ACC00DD862F /* SystemConfiguration.framework */,
				153AF1DE105C2AD800DD862F /* Foundation.framework */,
				15F096B3105E56C00016E2B6 /* libz.1.1.3.dylib */,
				157432C2117DC24C00FA95B9 /* MobileCoreServices.framework */,
			);
			name = Network;
			sourceTree = "<group>";
		};
		153AF19B105C17FF00DD862F /* Protocols & Utility Headers */ = {
			isa = PBXGroup;
			children = (
				153AF199105C17B300DD862F /* MvrScanner.h */,
				159AF91E1060FF4F0070141A /* MvrMetadataStorage.h */,
				15833F0F105F6F890015388E /* MvrPlatformInfo.h */,
				15833F12105F739E0015388E /* MvrPlatformInfo.m */,
				153AF1A4105C192300DD862F /* MvrIncoming.h */,
				150718D1105FD5AA00FA0BF4 /* MvrOutgoing.h */,
				153AF1A1105C18F800DD862F /* MvrChannel.h */,
				157A11EE105D64B50033B623 /* MvrUTISupport.h */,
			);
			name = "Protocols & Utility Headers";
			sourceTree = "<group>";
		};
		153AF1AD105C214C00DD862F /* Modern Wi-Fi */ = {
			isa = PBXGroup;
			children = (
				153AF1A8105C206000DD862F /* AsyncSocket.h */,
				153AF1A9105C206000DD862F /* AsyncSocket.m */,
				1593E9BA105BBDFB00220989 /* MvrModernWiFi.h */,
				1593E9BB105BBDFB00220989 /* MvrModernWiFi.m */,
				153AF1AE105C217400DD862F /* MvrModernWiFiChannel.h */,
				153AF1AF105C217400DD862F /* MvrModernWiFiChannel.m */,
				157A1123105D45BE0033B623 /* MvrModernWiFiOutgoing.h */,
				157A1124105D45BE0033B623 /* MvrModernWiFiOutgoing.m */,
				157FA472105E14EB00BD01FC /* MvrModernWiFiIncoming.h */,
				157FA474105E14FD00BD01FC /* MvrModernWiFiIncoming.m */,
			);
			name = "Modern Wi-Fi";
			sourceTree = "<group>";
		};
		153AF268105C3D6D00DD862F /* Storage */ = {
			isa = PBXGroup;
			children = (
				157A11E7105D64530033B623 /* MvrGenericItem.h */,
				157A11E8105D64530033B623 /* MvrGenericItem.m */,
				15865AEB105CDD690041CE5F /* MvrItemStorage.h */,
				15865AEC105CDD690041CE5F /* MvrItemStorage.m */,
				157A101E105D3E7A0033B623 /* MvrItem.h */,
				157A101F105D3E7A0033B623 /* MvrItem.m */,
				159AF90D1060FE3B0070141A /* MvrStorageCentral.h */,
				159AF90E1060FE3B0070141A /* MvrStorageCentral.m */,
			);
			name = Storage;
			sourceTree = "<group>";
		};
		1557278C105BAD8400D9398F /* Sources */ = {
			isa = PBXGroup;
			children = (
				159AF98C10610AAB0070141A /* Scanner & Channel Utilities */,
				153AF19B105C17FF00DD862F /* Protocols & Utility Headers */,
				1593E9B4105BBD3000220989 /* Wi-Fi Scanner Family */,
				1593E969105BBA2100220989 /* Packet building */,
				153AF268105C3D6D00DD862F /* Storage */,
			);
			name = Sources;
			sourceTree = "<group>";
		};
		156B0A1810902EE200209F2D /* iPhone */ = {
			isa = PBXGroup;
			children = (
				156B0A1110902E5D00209F2D /* Mover-Network-iPhone.xcconfig */,
				156CF142105BB61D006D8E7A /* Mover-Network-Debug.xcconfig */,
				156CF144105BB64D006D8E7A /* Mover-Network-Release.xcconfig */,
			);
			name = iPhone;
			sourceTree = "<group>";
		};
		156B0A1910902EE800209F2D /* Mac */ = {
			isa = PBXGroup;
			children = (
				156B0A1710902EDA00209F2D /* Mover-Network-Mac.xcconfig */,
				1535D19F1090328C00CBF778 /* Mover-Network-Mac-Debug.xcconfig */,
				156B0A1A10902F5F00209F2D /* Mover-Network-Mac-Release.xcconfig */,
			);
			name = Mac;
			sourceTree = "<group>";
		};
		156CF11A105BB35D006D8E7A /* Configuration files */ = {
			isa = PBXGroup;
			children = (
				156CF11B105BB36F006D8E7A /* Mover-Network.xcconfig */,
				156B0A1910902EE800209F2D /* Mac */,
				156B0A1810902EE200209F2D /* iPhone */,
			);
			name = "Configuration files";
			sourceTree = "<group>";
		};
		1593E969105BBA2100220989 /* Packet building */ = {
			isa = PBXGroup;
			children = (
				1593E96A105BBA2C00220989 /* Unit tests */,
				1593E94B105BB73B00220989 /* MvrProtocol.h */,
				156CF111105BB355006D8E7A /* MvrPacketBuilder.h */,
				156CF112105BB356006D8E7A /* MvrPacketBuilder.m */,
				156CF113105BB356006D8E7A /* MvrPacketParser.h */,
				156CF114105BB356006D8E7A /* MvrPacketParser.m */,
				1537A7D8107A598300B16B88 /* MvrBuffer.h */,
				1537A7D9107A598300B16B88 /* MvrBuffer.m */,
			);
			name = "Packet building";
			sourceTree = "<group>";
		};
		1593E96A105BBA2C00220989 /* Unit tests */ = {
			isa = PBXGroup;
			children = (
				1593E983105BBACD00220989 /* OK-longer.data */,
				1593E984105BBACD00220989 /* OK.data */,
				1593E97D105BBAC500220989 /* WOW-longer.data */,
				1593E97E105BBAC500220989 /* WOW-tooshort.data */,
				1593E97F105BBAC500220989 /* WOW.data */,
				1593E97C105BBAB500220989 /* MvrPacketTestsCommon.h */,
				1593E970105BBA3E00220989 /* MvrPacketBuilderTests.m */,
				1593E971105BBA3E00220989 /* MvrPacketParserTests.m */,
			);
			name = "Unit tests";
			sourceTree = "<group>";
		};
		1593E9B4105BBD3000220989 /* Wi-Fi Scanner Family */ = {
			isa = PBXGroup;
			children = (
				1593E9B5105BBD4300220989 /* MvrWiFi.h */,
				1593E9B6105BBD4300220989 /* MvrWiFi.m */,
				1593E9BF105BBE4300220989 /* MvrWiFiScanner.h */,
				1593E9C0105BBE4300220989 /* MvrWiFiScanner.m */,
				150717C6105FAE4700FA0BF4 /* MvrWiFiChannel.h */,
				150717C7105FAE4700FA0BF4 /* MvrWiFiChannel.m */,
				1507185F105FC36800FA0BF4 /* MvrGenericIncoming.h */,
				15071860105FC36800FA0BF4 /* MvrGenericIncoming.m */,
				153AF1AD105C214C00DD862F /* Modern Wi-Fi */,
			);
			name = "Wi-Fi Scanner Family";
			sourceTree = "<group>";
		};
		159AF98C10610AAB0070141A /* Scanner & Channel Utilities */ = {
			isa = PBXGroup;
			children = (
				155E8F8F107B24AA00F8B33B /* MvrStreamedIncoming.h */,
				155E8F91107B24AA00F8B33B /* MvrStreamedIncoming.m */,
				159AF98D10610AB70070141A /* MvrScannerObserver.h */,
				159AF98E10610AB70070141A /* MvrScannerObserver.m */,
			);
			name = "Scanner & Channel Utilities";
			sourceTree = "<group>";
		};
		15F603F8105BDE2800F73794 /* Products */ = {
			isa = PBXGroup;
			children = (
				15F60400105BDE2800F73794 /* libMuiKit.a */,
				15F60402105BDE2800F73794 /* MuiKit.bundle */,
				15F60404105BDE2800F73794 /* MuiKit+Test.octest */,
				153B416F105BEFCA00DB8FB2 /* libMuiKit-Mac.a */,
			);
			name = Products;
			sourceTree = "<group>";
		};
/* End PBXGroup section */

/* Begin PBXHeadersBuildPhase section */
		1535D1CE1090336700CBF778 /* Headers */ = {
			isa = PBXHeadersBuildPhase;
			buildActionMask = 2147483647;
			files = (
				1535D1CF1090336700CBF778 /* MvrPacketBuilder.h in Headers */,
				1535D1D01090336700CBF778 /* MvrPacketParser.h in Headers */,
				1535D1D11090336700CBF778 /* MvrProtocol.h in Headers */,
				1535D1D21090336700CBF778 /* MvrWiFi.h in Headers */,
				1535D1D31090336700CBF778 /* MvrModernWiFi.h in Headers */,
				1535D1D41090336700CBF778 /* MvrWiFiScanner.h in Headers */,
				1535D1D51090336700CBF778 /* MvrScanner.h in Headers */,
				1535D1D61090336700CBF778 /* MvrChannel.h in Headers */,
				1535D1D71090336700CBF778 /* MvrIncoming.h in Headers */,
				1535D1D81090336700CBF778 /* AsyncSocket.h in Headers */,
				1535D1D91090336700CBF778 /* MvrModernWiFiChannel.h in Headers */,
				1535D1DA1090336700CBF778 /* MvrItemStorage.h in Headers */,
				1535D1DB1090336700CBF778 /* MvrItem.h in Headers */,
				1535D1DC1090336700CBF778 /* MvrModernWiFiOutgoing.h in Headers */,
				1535D1DD1090336700CBF778 /* MvrGenericItem.h in Headers */,
				1535D1DE1090336700CBF778 /* MvrUTISupport.h in Headers */,
				1535D1DF1090336700CBF778 /* MvrModernWiFiIncoming.h in Headers */,
				1535D1F81090336700CBF778 /* MvrPlatformInfo.h in Headers */,
				1535D1F91090336700CBF778 /* MvrWiFiChannel.h in Headers */,
				1535D1FB1090336700CBF778 /* MvrGenericIncoming.h in Headers */,
				1535D1FE1090336700CBF778 /* MvrOutgoing.h in Headers */,
				1535D1FF1090336700CBF778 /* MvrStorageCentral.h in Headers */,
				1535D2001090336700CBF778 /* MvrMetadataStorage.h in Headers */,
				1535D2011090336700CBF778 /* MvrScannerObserver.h in Headers */,
				1535D2021090336700CBF778 /* MvrBuffer.h in Headers */,
				1535D2031090336700CBF778 /* MvrStreamedIncoming.h in Headers */,
			);
			runOnlyForDeploymentPostprocessing = 0;
		};
		D2AAC07A0554694100DB518D /* Headers */ = {
			isa = PBXHeadersBuildPhase;
			buildActionMask = 2147483647;
			files = (
				156CF115105BB356006D8E7A /* MvrPacketBuilder.h in Headers */,
				156CF117105BB356006D8E7A /* MvrPacketParser.h in Headers */,
				1593E94C105BB73B00220989 /* MvrProtocol.h in Headers */,
				1593E9B8105BBD4900220989 /* MvrWiFi.h in Headers */,
				1593E9BD105BBE2700220989 /* MvrModernWiFi.h in Headers */,
				1593E9C1105BBE4300220989 /* MvrWiFiScanner.h in Headers */,
				153AF19A105C17B300DD862F /* MvrScanner.h in Headers */,
				153AF1A2105C18F800DD862F /* MvrChannel.h in Headers */,
				153AF1A5105C192300DD862F /* MvrIncoming.h in Headers */,
				153AF1AA105C206000DD862F /* AsyncSocket.h in Headers */,
				153AF1B0105C217400DD862F /* MvrModernWiFiChannel.h in Headers */,
				15865AEF105CDD690041CE5F /* MvrItemStorage.h in Headers */,
				157A1020105D3E7A0033B623 /* MvrItem.h in Headers */,
				157A1125105D45BE0033B623 /* MvrModernWiFiOutgoing.h in Headers */,
				157A11E9105D64530033B623 /* MvrGenericItem.h in Headers */,
				157A11EF105D64B50033B623 /* MvrUTISupport.h in Headers */,
				157FA473105E14EB00BD01FC /* MvrModernWiFiIncoming.h in Headers */,
				15833F10105F6F890015388E /* MvrPlatformInfo.h in Headers */,
				150717C8105FAE4700FA0BF4 /* MvrWiFiChannel.h in Headers */,
				15071861105FC36800FA0BF4 /* MvrGenericIncoming.h in Headers */,
				150718D2105FD5AA00FA0BF4 /* MvrOutgoing.h in Headers */,
				159AF9111060FE3B0070141A /* MvrStorageCentral.h in Headers */,
				159AF91F1060FF4F0070141A /* MvrMetadataStorage.h in Headers */,
				159AF99110610AB70070141A /* MvrScannerObserver.h in Headers */,
				1537A7DA107A598300B16B88 /* MvrBuffer.h in Headers */,
				155E8F90107B24AA00F8B33B /* MvrStreamedIncoming.h in Headers */,
			);
			runOnlyForDeploymentPostprocessing = 0;
		};
/* End PBXHeadersBuildPhase section */

/* Begin PBXNativeTarget section */
		1535D1CB1090336700CBF778 /* Network (Mac OS X) */ = {
			isa = PBXNativeTarget;
			buildConfigurationList = 1535D2331090336700CBF778 /* Build configuration list for PBXNativeTarget "Network (Mac OS X)" */;
			buildPhases = (
				1535D1CE1090336700CBF778 /* Headers */,
				1535D2041090336700CBF778 /* Sources */,
				1535D2301090336700CBF778 /* Frameworks */,
			);
			buildRules = (
			);
			dependencies = (
				1535D1CC1090336700CBF778 /* PBXTargetDependency */,
			);
			name = "Network (Mac OS X)";
			productName = Network;
			productReference = 1535D2361090336700CBF778 /* libMoverCore-MacOSX.a */;
			productType = "com.apple.product-type.library.static";
		};
		D2AAC07D0554694100DB518D /* Network (iPhone) */ = {
			isa = PBXNativeTarget;
			buildConfigurationList = 1DEB921E08733DC00010E9CD /* Build configuration list for PBXNativeTarget "Network (iPhone)" */;
			buildPhases = (
				D2AAC07A0554694100DB518D /* Headers */,
				D2AAC07B0554694100DB518D /* Sources */,
				D2AAC07C0554694100DB518D /* Frameworks */,
			);
			buildRules = (
			);
			dependencies = (
				15F6040C105BDE3900F73794 /* PBXTargetDependency */,
			);
			name = "Network (iPhone)";
			productName = Network;
			productReference = D2AAC07E0554694100DB518D /* libMoverCore-iPhoneOS.a */;
			productType = "com.apple.product-type.library.static";
		};
/* End PBXNativeTarget section */

/* Begin PBXProject section */
		0867D690FE84028FC02AAC07 /* Project object */ = {
			isa = PBXProject;
			buildConfigurationList = 1DEB922208733DC00010E9CD /* Build configuration list for PBXProject "Core" */;
			compatibilityVersion = "Xcode 3.1";
			hasScannedForEncodings = 1;
			mainGroup = 0867D691FE84028FC02AAC07 /* Network */;
			productRefGroup = 034768DFFF38A50411DB9C8B /* Products */;
			projectDirPath = "";
			projectReferences = (
				{
					ProductGroup = 15F603F8105BDE2800F73794 /* Products */;
					ProjectRef = 15F603EA105BDE1100F73794 /* MuiKit.xcodeproj */;
				},
			);
			projectRoot = "";
			targets = (
				1535D1CB1090336700CBF778 /* Network (Mac OS X) */,
				D2AAC07D0554694100DB518D /* Network (iPhone) */,
				157432AE117DC0E500FA95B9 /* Mover Core */,
			);
		};
/* End PBXProject section */

/* Begin PBXReferenceProxy section */
		153B416F105BEFCA00DB8FB2 /* libMuiKit-Mac.a */ = {
			isa = PBXReferenceProxy;
			fileType = archive.ar;
			path = "libMuiKit-Mac.a";
			remoteRef = 153B416E105BEFCA00DB8FB2 /* PBXContainerItemProxy */;
			sourceTree = BUILT_PRODUCTS_DIR;
		};
		15F60400105BDE2800F73794 /* libMuiKit.a */ = {
			isa = PBXReferenceProxy;
			fileType = archive.ar;
			path = libMuiKit.a;
			remoteRef = 15F603FF105BDE2800F73794 /* PBXContainerItemProxy */;
			sourceTree = BUILT_PRODUCTS_DIR;
		};
		15F60402105BDE2800F73794 /* MuiKit.bundle */ = {
			isa = PBXReferenceProxy;
			fileType = wrapper.cfbundle;
			path = MuiKit.bundle;
			remoteRef = 15F60401105BDE2800F73794 /* PBXContainerItemProxy */;
			sourceTree = BUILT_PRODUCTS_DIR;
		};
		15F60404105BDE2800F73794 /* MuiKit+Test.octest */ = {
			isa = PBXReferenceProxy;
			fileType = wrapper.cfbundle;
			path = "MuiKit+Test.octest";
			remoteRef = 15F60403105BDE2800F73794 /* PBXContainerItemProxy */;
			sourceTree = BUILT_PRODUCTS_DIR;
		};
/* End PBXReferenceProxy section */

/* Begin PBXSourcesBuildPhase section */
		1535D2041090336700CBF778 /* Sources */ = {
			isa = PBXSourcesBuildPhase;
			buildActionMask = 2147483647;
			files = (
				1535D2051090336700CBF778 /* MvrPacketBuilder.m in Sources */,
				1535D2061090336700CBF778 /* MvrPacketParser.m in Sources */,
				1535D2071090336700CBF778 /* MvrWiFi.m in Sources */,
				1535D2081090336700CBF778 /* MvrModernWiFi.m in Sources */,
				1535D2091090336700CBF778 /* MvrWiFiScanner.m in Sources */,
				1535D20A1090336700CBF778 /* AsyncSocket.m in Sources */,
				1535D20B1090336700CBF778 /* MvrModernWiFiChannel.m in Sources */,
				1535D20C1090336700CBF778 /* MvrItemStorage.m in Sources */,
				1535D20D1090336700CBF778 /* MvrItem.m in Sources */,
				1535D20E1090336700CBF778 /* MvrModernWiFiOutgoing.m in Sources */,
				1535D20F1090336700CBF778 /* MvrGenericItem.m in Sources */,
				1535D2101090336700CBF778 /* MvrModernWiFiIncoming.m in Sources */,
				1535D2261090336700CBF778 /* MvrPlatformInfo.m in Sources */,
				1535D2271090336700CBF778 /* MvrWiFiChannel.m in Sources */,
				1535D2291090336700CBF778 /* MvrGenericIncoming.m in Sources */,
				1535D22C1090336700CBF778 /* MvrStorageCentral.m in Sources */,
				1535D22D1090336700CBF778 /* MvrScannerObserver.m in Sources */,
				1535D22E1090336700CBF778 /* MvrBuffer.m in Sources */,
				1535D22F1090336700CBF778 /* MvrStreamedIncoming.m in Sources */,
			);
			runOnlyForDeploymentPostprocessing = 0;
		};
		D2AAC07B0554694100DB518D /* Sources */ = {
			isa = PBXSourcesBuildPhase;
			buildActionMask = 2147483647;
			files = (
				156CF116105BB356006D8E7A /* MvrPacketBuilder.m in Sources */,
				156CF118105BB356006D8E7A /* MvrPacketParser.m in Sources */,
				1593E9B9105BBD4900220989 /* MvrWiFi.m in Sources */,
				1593E9BE105BBE2A00220989 /* MvrModernWiFi.m in Sources */,
				1593E9C2105BBE4300220989 /* MvrWiFiScanner.m in Sources */,
				153AF1AB105C206000DD862F /* AsyncSocket.m in Sources */,
				153AF1B1105C217400DD862F /* MvrModernWiFiChannel.m in Sources */,
				15865AF0105CDD690041CE5F /* MvrItemStorage.m in Sources */,
				157A1021105D3E7A0033B623 /* MvrItem.m in Sources */,
				157A1126105D45BE0033B623 /* MvrModernWiFiOutgoing.m in Sources */,
				157A11EA105D64530033B623 /* MvrGenericItem.m in Sources */,
				157FA475105E14FD00BD01FC /* MvrModernWiFiIncoming.m in Sources */,
				15833F13105F739E0015388E /* MvrPlatformInfo.m in Sources */,
				150717C9105FAE4700FA0BF4 /* MvrWiFiChannel.m in Sources */,
				15071862105FC36800FA0BF4 /* MvrGenericIncoming.m in Sources */,
				159AF9121060FE3B0070141A /* MvrStorageCentral.m in Sources */,
				159AF99210610AB70070141A /* MvrScannerObserver.m in Sources */,
				1537A7DB107A598300B16B88 /* MvrBuffer.m in Sources */,
				155E8F92107B24AA00F8B33B /* MvrStreamedIncoming.m in Sources */,
			);
			runOnlyForDeploymentPostprocessing = 0;
		};
/* End PBXSourcesBuildPhase section */

/* Begin PBXTargetDependency section */
		1535D1CC1090336700CBF778 /* PBXTargetDependency */ = {
			isa = PBXTargetDependency;
			name = MuiKit;
			targetProxy = 1535D1CD1090336700CBF778 /* PBXContainerItemProxy */;
		};
		157432B2117DC0F300FA95B9 /* PBXTargetDependency */ = {
			isa = PBXTargetDependency;
			target = 1535D1CB1090336700CBF778 /* Network (Mac OS X) */;
			targetProxy = 157432B1117DC0F300FA95B9 /* PBXContainerItemProxy */;
		};
		157432B4117DC0F300FA95B9 /* PBXTargetDependency */ = {
			isa = PBXTargetDependency;
			target = D2AAC07D0554694100DB518D /* Network (iPhone) */;
			targetProxy = 157432B3117DC0F300FA95B9 /* PBXContainerItemProxy */;
		};
		15F6040C105BDE3900F73794 /* PBXTargetDependency */ = {
			isa = PBXTargetDependency;
			name = MuiKit;
			targetProxy = 15F6040B105BDE3900F73794 /* PBXContainerItemProxy */;
		};
/* End PBXTargetDependency section */

/* Begin XCBuildConfiguration section */
		1535D2341090336700CBF778 /* Debug */ = {
			isa = XCBuildConfiguration;
			baseConfigurationReference = 1535D19F1090328C00CBF778 /* Mover-Network-Mac-Debug.xcconfig */;
			buildSettings = {
			};
			name = Debug;
		};
		1535D2351090336700CBF778 /* Release */ = {
			isa = XCBuildConfiguration;
			baseConfigurationReference = 156B0A1A10902F5F00209F2D /* Mover-Network-Mac-Release.xcconfig */;
			buildSettings = {
				DSTROOT = /tmp/Network.dst;
				GCC_MODEL_TUNING = G5;
				INSTALL_PATH = /usr/local/lib;
				PRODUCT_NAME = Network;
			};
			name = Release;
		};
		157432AF117DC0E500FA95B9 /* Debug */ = {
			isa = XCBuildConfiguration;
			buildSettings = {
				COPY_PHASE_STRIP = NO;
				GCC_DYNAMIC_NO_PIC = NO;
				GCC_OPTIMIZATION_LEVEL = 0;
				PRODUCT_NAME = "Mover Core";
			};
			name = Debug;
		};
		157432B0117DC0E500FA95B9 /* Release */ = {
			isa = XCBuildConfiguration;
			buildSettings = {
				COPY_PHASE_STRIP = YES;
				DEBUG_INFORMATION_FORMAT = "dwarf-with-dsym";
				GCC_ENABLE_FIX_AND_CONTINUE = NO;
				PRODUCT_NAME = "Mover Core";
				ZERO_LINK = NO;
			};
			name = Release;
		};
		1DEB921F08733DC00010E9CD /* Debug */ = {
			isa = XCBuildConfiguration;
			baseConfigurationReference = 156CF142105BB61D006D8E7A /* Mover-Network-Debug.xcconfig */;
			buildSettings = {
			};
			name = Debug;
		};
		1DEB922008733DC00010E9CD /* Release */ = {
			isa = XCBuildConfiguration;
			baseConfigurationReference = 156CF144105BB64D006D8E7A /* Mover-Network-Release.xcconfig */;
			buildSettings = {
				DSTROOT = /tmp/Network.dst;
				GCC_MODEL_TUNING = G5;
				INSTALL_PATH = /usr/local/lib;
				PRODUCT_NAME = Network;
			};
			name = Release;
		};
		1DEB922308733DC00010E9CD /* Debug */ = {
			isa = XCBuildConfiguration;
			baseConfigurationReference = 156CF11B105BB36F006D8E7A /* Mover-Network.xcconfig */;
			buildSettings = {
				GCC_C_LANGUAGE_STANDARD = c99;
				GCC_OPTIMIZATION_LEVEL = 0;
				GCC_WARN_ABOUT_RETURN_TYPE = YES;
				GCC_WARN_UNUSED_VARIABLE = YES;
				OTHER_LDFLAGS = "-ObjC";
				PREBINDING = NO;
			};
			name = Debug;
		};
		1DEB922408733DC00010E9CD /* Release */ = {
			isa = XCBuildConfiguration;
			baseConfigurationReference = 156CF11B105BB36F006D8E7A /* Mover-Network.xcconfig */;
			buildSettings = {
				GCC_C_LANGUAGE_STANDARD = c99;
				GCC_WARN_ABOUT_RETURN_TYPE = YES;
				GCC_WARN_UNUSED_VARIABLE = YES;
				OTHER_LDFLAGS = "-ObjC";
				PREBINDING = NO;
			};
			name = Release;
		};
/* End XCBuildConfiguration section */

/* Begin XCConfigurationList section */
		1535D2331090336700CBF778 /* Build configuration list for PBXNativeTarget "Network (Mac OS X)" */ = {
			isa = XCConfigurationList;
			buildConfigurations = (
				1535D2341090336700CBF778 /* Debug */,
				1535D2351090336700CBF778 /* Release */,
			);
			defaultConfigurationIsVisible = 0;
			defaultConfigurationName = Release;
		};
		157432B9117DC0FE00FA95B9 /* Build configuration list for PBXAggregateTarget "Mover Core" */ = {
			isa = XCConfigurationList;
			buildConfigurations = (
				157432AF117DC0E500FA95B9 /* Debug */,
				157432B0117DC0E500FA95B9 /* Release */,
			);
			defaultConfigurationIsVisible = 0;
			defaultConfigurationName = Release;
		};
		1DEB921E08733DC00010E9CD /* Build configuration list for PBXNativeTarget "Network (iPhone)" */ = {
			isa = XCConfigurationList;
			buildConfigurations = (
				1DEB921F08733DC00010E9CD /* Debug */,
				1DEB922008733DC00010E9CD /* Release */,
			);
			defaultConfigurationIsVisible = 0;
			defaultConfigurationName = Release;
		};
		1DEB922208733DC00010E9CD /* Build configuration list for PBXProject "Core" */ = {
			isa = XCConfigurationList;
			buildConfigurations = (
				1DEB922308733DC00010E9CD /* Debug */,
				1DEB922408733DC00010E9CD /* Release */,
			);
			defaultConfigurationIsVisible = 0;
			defaultConfigurationName = Release;
		};
/* End XCConfigurationList section */
	};
	rootObject = 0867D690FE84028FC02AAC07 /* Project object */;
}
